// !$*UTF8*$!
{
	archiveVersion = 1;
	classes = {
	};
	objectVersion = 50;
	objects = {

/* Begin PBXBuildFile section */
		091FB3AA8856881CA8D91D6A /* Pods_LoginDemo.framework in Frameworks */ = {isa = PBXBuildFile; fileRef = 90C0535085F7F70E6102D26B /* Pods_LoginDemo.framework */; };
		3B1781C2221C6FD4007541F3 /* AppDelegate.swift in Sources */ = {isa = PBXBuildFile; fileRef = 3B1781C1221C6FD4007541F3 /* AppDelegate.swift */; };
		3B1781C4221C6FD4007541F3 /* ViewController.swift in Sources */ = {isa = PBXBuildFile; fileRef = 3B1781C3221C6FD4007541F3 /* ViewController.swift */; };
		3B1781C7221C6FD4007541F3 /* Main.storyboard in Resources */ = {isa = PBXBuildFile; fileRef = 3B1781C5221C6FD4007541F3 /* Main.storyboard */; };
		3B1781C9221C6FD6007541F3 /* Assets.xcassets in Resources */ = {isa = PBXBuildFile; fileRef = 3B1781C8221C6FD6007541F3 /* Assets.xcassets */; };
		3B1781CC221C6FD6007541F3 /* LaunchScreen.storyboard in Resources */ = {isa = PBXBuildFile; fileRef = 3B1781CA221C6FD6007541F3 /* LaunchScreen.storyboard */; };
		3B1781D9221C7F84007541F3 /* UIExtensions.swift in Sources */ = {isa = PBXBuildFile; fileRef = 3B1781D8221C7F84007541F3 /* UIExtensions.swift */; };
		3B1781DC221C7FEA007541F3 /* LoginEditView.swift in Sources */ = {isa = PBXBuildFile; fileRef = 3B1781DB221C7FEA007541F3 /* LoginEditView.swift */; };
		3B1781DF221CA335007541F3 /* RequestManager.swift in Sources */ = {isa = PBXBuildFile; fileRef = 3B1781DE221CA335007541F3 /* RequestManager.swift */; };
		3B1781E1221CAE14007541F3 /* LoginDataSource.swift in Sources */ = {isa = PBXBuildFile; fileRef = 3B1781E0221CAE14007541F3 /* LoginDataSource.swift */; };
/* End PBXBuildFile section */

/* Begin PBXFileReference section */
		3B1781BE221C6FD4007541F3 /* LoginDemo.app */ = {isa = PBXFileReference; explicitFileType = wrapper.application; includeInIndex = 0; path = LoginDemo.app; sourceTree = BUILT_PRODUCTS_DIR; };
		3B1781C1221C6FD4007541F3 /* AppDelegate.swift */ = {isa = PBXFileReference; lastKnownFileType = sourcecode.swift; path = AppDelegate.swift; sourceTree = "<group>"; };
		3B1781C3221C6FD4007541F3 /* ViewController.swift */ = {isa = PBXFileReference; lastKnownFileType = sourcecode.swift; path = ViewController.swift; sourceTree = "<group>"; };
		3B1781C6221C6FD4007541F3 /* Base */ = {isa = PBXFileReference; lastKnownFileType = file.storyboard; name = Base; path = Base.lproj/Main.storyboard; sourceTree = "<group>"; };
		3B1781C8221C6FD6007541F3 /* Assets.xcassets */ = {isa = PBXFileReference; lastKnownFileType = folder.assetcatalog; path = Assets.xcassets; sourceTree = "<group>"; };
		3B1781CB221C6FD6007541F3 /* Base */ = {isa = PBXFileReference; lastKnownFileType = file.storyboard; name = Base; path = Base.lproj/LaunchScreen.storyboard; sourceTree = "<group>"; };
		3B1781CD221C6FD6007541F3 /* Info.plist */ = {isa = PBXFileReference; lastKnownFileType = text.plist.xml; path = Info.plist; sourceTree = "<group>"; };
		3B1781D8221C7F84007541F3 /* UIExtensions.swift */ = {isa = PBXFileReference; lastKnownFileType = sourcecode.swift; path = UIExtensions.swift; sourceTree = "<group>"; };
		3B1781DB221C7FEA007541F3 /* LoginEditView.swift */ = {isa = PBXFileReference; lastKnownFileType = sourcecode.swift; path = LoginEditView.swift; sourceTree = "<group>"; };
		3B1781DE221CA335007541F3 /* RequestManager.swift */ = {isa = PBXFileReference; lastKnownFileType = sourcecode.swift; path = RequestManager.swift; sourceTree = "<group>"; };
		3B1781E0221CAE14007541F3 /* LoginDataSource.swift */ = {isa = PBXFileReference; lastKnownFileType = sourcecode.swift; path = LoginDataSource.swift; sourceTree = "<group>"; };
		6000766EF50D44DE57A582EB /* Pods-LoginDemo.debug.xcconfig */ = {isa = PBXFileReference; includeInIndex = 1; lastKnownFileType = text.xcconfig; name = "Pods-LoginDemo.debug.xcconfig"; path = "Pods/Target Support Files/Pods-LoginDemo/Pods-LoginDemo.debug.xcconfig"; sourceTree = "<group>"; };
		90C0535085F7F70E6102D26B /* Pods_LoginDemo.framework */ = {isa = PBXFileReference; explicitFileType = wrapper.framework; includeInIndex = 0; path = Pods_LoginDemo.framework; sourceTree = BUILT_PRODUCTS_DIR; };
		EC7CBEB5C819C6E1BE7DB81A /* Pods-LoginDemo.release.xcconfig */ = {isa = PBXFileReference; includeInIndex = 1; lastKnownFileType = text.xcconfig; name = "Pods-LoginDemo.release.xcconfig"; path = "Pods/Target Support Files/Pods-LoginDemo/Pods-LoginDemo.release.xcconfig"; sourceTree = "<group>"; };
/* End PBXFileReference section */

/* Begin PBXFrameworksBuildPhase section */
		3B1781BB221C6FD4007541F3 /* Frameworks */ = {
			isa = PBXFrameworksBuildPhase;
			buildActionMask = 2147483647;
			files = (
				091FB3AA8856881CA8D91D6A /* Pods_LoginDemo.framework in Frameworks */,
			);
			runOnlyForDeploymentPostprocessing = 0;
		};
/* End PBXFrameworksBuildPhase section */

/* Begin PBXGroup section */
		04004963EDB46B470282FD73 /* Pods */ = {
			isa = PBXGroup;
			children = (
				6000766EF50D44DE57A582EB /* Pods-LoginDemo.debug.xcconfig */,
				EC7CBEB5C819C6E1BE7DB81A /* Pods-LoginDemo.release.xcconfig */,
			);
			name = Pods;
			sourceTree = "<group>";
		};
		3B1781B5221C6FD4007541F3 = {
			isa = PBXGroup;
			children = (
				3B1781C0221C6FD4007541F3 /* LoginDemo */,
				3B1781BF221C6FD4007541F3 /* Products */,
				04004963EDB46B470282FD73 /* Pods */,
				69E1D8081F19F9944F7207A6 /* Frameworks */,
			);
			sourceTree = "<group>";
		};
		3B1781BF221C6FD4007541F3 /* Products */ = {
			isa = PBXGroup;
			children = (
				3B1781BE221C6FD4007541F3 /* LoginDemo.app */,
			);
			name = Products;
			sourceTree = "<group>";
		};
		3B1781C0221C6FD4007541F3 /* LoginDemo */ = {
			isa = PBXGroup;
			children = (
				3B1781C1221C6FD4007541F3 /* AppDelegate.swift */,
				3B1781DD221CA2FD007541F3 /* Managers */,
				3B1781D4221C7747007541F3 /* UserInterface */,
				3B1781D3221C7706007541F3 /* Resources */,
				3B1781CD221C6FD6007541F3 /* Info.plist */,
			);
			path = LoginDemo;
			sourceTree = "<group>";
		};
		3B1781D3221C7706007541F3 /* Resources */ = {
			isa = PBXGroup;
			children = (
				3B1781C8221C6FD6007541F3 /* Assets.xcassets */,
			);
			path = Resources;
			sourceTree = "<group>";
		};
		3B1781D4221C7747007541F3 /* UserInterface */ = {
			isa = PBXGroup;
			children = (
				3B1781D7221C7F57007541F3 /* General */,
				3B1781D5221C7754007541F3 /* Storyboards */,
				3B1781D6221C7772007541F3 /* ViewControllers */,
			);
			path = UserInterface;
			sourceTree = "<group>";
		};
		3B1781D5221C7754007541F3 /* Storyboards */ = {
			isa = PBXGroup;
			children = (
				3B1781C5221C6FD4007541F3 /* Main.storyboard */,
				3B1781CA221C6FD6007541F3 /* LaunchScreen.storyboard */,
			);
			path = Storyboards;
			sourceTree = "<group>";
		};
		3B1781D6221C7772007541F3 /* ViewControllers */ = {
			isa = PBXGroup;
			children = (
				3B1781DA221C7FCC007541F3 /* Subviews */,
				3B1781C3221C6FD4007541F3 /* ViewController.swift */,
			);
			path = ViewControllers;
			sourceTree = "<group>";
		};
		3B1781D7221C7F57007541F3 /* General */ = {
			isa = PBXGroup;
			children = (
				3B1781D8221C7F84007541F3 /* UIExtensions.swift */,
			);
			path = General;
			sourceTree = "<group>";
		};
		3B1781DA221C7FCC007541F3 /* Subviews */ = {
			isa = PBXGroup;
			children = (
				3B1781DB221C7FEA007541F3 /* LoginEditView.swift */,
			);
			path = Subviews;
			sourceTree = "<group>";
		};
		3B1781DD221CA2FD007541F3 /* Managers */ = {
			isa = PBXGroup;
			children = (
				3B1781DE221CA335007541F3 /* RequestManager.swift */,
				3B1781E0221CAE14007541F3 /* LoginDataSource.swift */,
			);
			path = Managers;
			sourceTree = "<group>";
		};
		69E1D8081F19F9944F7207A6 /* Frameworks */ = {
			isa = PBXGroup;
			children = (
				90C0535085F7F70E6102D26B /* Pods_LoginDemo.framework */,
			);
			name = Frameworks;
			sourceTree = "<group>";
		};
/* End PBXGroup section */

/* Begin PBXNativeTarget section */
		3B1781BD221C6FD4007541F3 /* LoginDemo */ = {
			isa = PBXNativeTarget;
			buildConfigurationList = 3B1781D0221C6FD6007541F3 /* Build configuration list for PBXNativeTarget "LoginDemo" */;
			buildPhases = (
				81EFD2E0B66666717ED0AD65 /* [CP] Check Pods Manifest.lock */,
				3B1781BA221C6FD4007541F3 /* Sources */,
				3B1781BB221C6FD4007541F3 /* Frameworks */,
				3B1781BC221C6FD4007541F3 /* Resources */,
				AE473A2BFDB5B2B328DF2219 /* [CP] Embed Pods Frameworks */,
			);
			buildRules = (
			);
			dependencies = (
			);
			name = LoginDemo;
			productName = LoginDemo;
			productReference = 3B1781BE221C6FD4007541F3 /* LoginDemo.app */;
			productType = "com.apple.product-type.application";
		};
/* End PBXNativeTarget section */

/* Begin PBXProject section */
		3B1781B6221C6FD4007541F3 /* Project object */ = {
			isa = PBXProject;
			attributes = {
				LastSwiftUpdateCheck = 1010;
				LastUpgradeCheck = 1010;
				ORGANIZATIONNAME = "Pavel Belevtsev";
				TargetAttributes = {
					3B1781BD221C6FD4007541F3 = {
						CreatedOnToolsVersion = 10.1;
					};
				};
			};
			buildConfigurationList = 3B1781B9221C6FD4007541F3 /* Build configuration list for PBXProject "LoginDemo" */;
			compatibilityVersion = "Xcode 9.3";
			developmentRegion = en;
			hasScannedForEncodings = 0;
			knownRegions = (
				en,
				Base,
			);
			mainGroup = 3B1781B5221C6FD4007541F3;
			productRefGroup = 3B1781BF221C6FD4007541F3 /* Products */;
			projectDirPath = "";
			projectRoot = "";
			targets = (
				3B1781BD221C6FD4007541F3 /* LoginDemo */,
			);
		};
/* End PBXProject section */

/* Begin PBXResourcesBuildPhase section */
		3B1781BC221C6FD4007541F3 /* Resources */ = {
			isa = PBXResourcesBuildPhase;
			buildActionMask = 2147483647;
			files = (
				3B1781CC221C6FD6007541F3 /* LaunchScreen.storyboard in Resources */,
				3B1781C9221C6FD6007541F3 /* Assets.xcassets in Resources */,
				3B1781C7221C6FD4007541F3 /* Main.storyboard in Resources */,
			);
			runOnlyForDeploymentPostprocessing = 0;
		};
/* End PBXResourcesBuildPhase section */

/* Begin PBXShellScriptBuildPhase section */
		81EFD2E0B66666717ED0AD65 /* [CP] Check Pods Manifest.lock */ = {
			isa = PBXShellScriptBuildPhase;
			buildActionMask = 2147483647;
			files = (
			);
			inputPaths = (
				"${PODS_PODFILE_DIR_PATH}/Podfile.lock",
				"${PODS_ROOT}/Manifest.lock",
			);
			name = "[CP] Check Pods Manifest.lock";
			outputPaths = (
				"$(DERIVED_FILE_DIR)/Pods-LoginDemo-checkManifestLockResult.txt",
			);
			runOnlyForDeploymentPostprocessing = 0;
			shellPath = /bin/sh;
			shellScript = "diff \"${PODS_PODFILE_DIR_PATH}/Podfile.lock\" \"${PODS_ROOT}/Manifest.lock\" > /dev/null\nif [ $? != 0 ] ; then\n    # print error to STDERR\n    echo \"error: The sandbox is not in sync with the Podfile.lock. Run 'pod install' or update your CocoaPods installation.\" >&2\n    exit 1\nfi\n# This output is used by Xcode 'outputs' to avoid re-running this script phase.\necho \"SUCCESS\" > \"${SCRIPT_OUTPUT_FILE_0}\"\n";
			showEnvVarsInLog = 0;
		};
		AE473A2BFDB5B2B328DF2219 /* [CP] Embed Pods Frameworks */ = {
			isa = PBXShellScriptBuildPhase;
			buildActionMask = 2147483647;
			files = (
			);
			inputPaths = (
				"${SRCROOT}/Pods/Target Support Files/Pods-LoginDemo/Pods-LoginDemo-frameworks.sh",
				"${BUILT_PRODUCTS_DIR}/AFNetworking/AFNetworking.framework",
				"${BUILT_PRODUCTS_DIR}/SVProgressHUD/SVProgressHUD.framework",
			);
			name = "[CP] Embed Pods Frameworks";
			outputPaths = (
				"${TARGET_BUILD_DIR}/${FRAMEWORKS_FOLDER_PATH}/AFNetworking.framework",
				"${TARGET_BUILD_DIR}/${FRAMEWORKS_FOLDER_PATH}/SVProgressHUD.framework",
			);
			runOnlyForDeploymentPostprocessing = 0;
			shellPath = /bin/sh;
			shellScript = "\"${SRCROOT}/Pods/Target Support Files/Pods-LoginDemo/Pods-LoginDemo-frameworks.sh\"\n";
			showEnvVarsInLog = 0;
		};
/* End PBXShellScriptBuildPhase section */

/* Begin PBXSourcesBuildPhase section */
		3B1781BA221C6FD4007541F3 /* Sources */ = {
			isa = PBXSourcesBuildPhase;
			buildActionMask = 2147483647;
			files = (
				3B1781DF221CA335007541F3 /* RequestManager.swift in Sources */,
				3B1781DC221C7FEA007541F3 /* LoginEditView.swift in Sources */,
				3B1781D9221C7F84007541F3 /* UIExtensions.swift in Sources */,
				3B1781C4221C6FD4007541F3 /* ViewController.swift in Sources */,
				3B1781E1221CAE14007541F3 /* LoginDataSource.swift in Sources */,
				3B1781C2221C6FD4007541F3 /* AppDelegate.swift in Sources */,
			);
			runOnlyForDeploymentPostprocessing = 0;
		};
/* End PBXSourcesBuildPhase section */

/* Begin PBXVariantGroup section */
		3B1781C5221C6FD4007541F3 /* Main.storyboard */ = {
			isa = PBXVariantGroup;
			children = (
				3B1781C6221C6FD4007541F3 /* Base */,
			);
			name = Main.storyboard;
			sourceTree = "<group>";
		};
		3B1781CA221C6FD6007541F3 /* LaunchScreen.storyboard */ = {
			isa = PBXVariantGroup;
			children = (
				3B1781CB221C6FD6007541F3 /* Base */,
			);
			name = LaunchScreen.storyboard;
			sourceTree = "<group>";
		};
/* End PBXVariantGroup section */

/* Begin XCBuildConfiguration section */
		3B1781CE221C6FD6007541F3 /* Debug */ = {
			isa = XCBuildConfiguration;
			buildSettings = {
				ALWAYS_SEARCH_USER_PATHS = NO;
				CLANG_ANALYZER_NONNULL = YES;
				CLANG_ANALYZER_NUMBER_OBJECT_CONVERSION = YES_AGGRESSIVE;
				CLANG_CXX_LANGUAGE_STANDARD = "gnu++14";
				CLANG_CXX_LIBRARY = "libc++";
				CLANG_ENABLE_MODULES = YES;
				CLANG_ENABLE_OBJC_ARC = YES;
				CLANG_ENABLE_OBJC_WEAK = YES;
				CLANG_WARN_BLOCK_CAPTURE_AUTORELEASING = YES;
				CLANG_WARN_BOOL_CONVERSION = YES;
				CLANG_WARN_COMMA = YES;
				CLANG_WARN_CONSTANT_CONVERSION = YES;
				CLANG_WARN_DEPRECATED_OBJC_IMPLEMENTATIONS = YES;
				CLANG_WARN_DIRECT_OBJC_ISA_USAGE = YES_ERROR;
				CLANG_WARN_DOCUMENTATION_COMMENTS = YES;
				CLANG_WARN_EMPTY_BODY = YES;
				CLANG_WARN_ENUM_CONVERSION = YES;
				CLANG_WARN_INFINITE_RECURSION = YES;
				CLANG_WARN_INT_CONVERSION = YES;
				CLANG_WARN_NON_LITERAL_NULL_CONVERSION = YES;
				CLANG_WARN_OBJC_IMPLICIT_RETAIN_SELF = YES;
				CLANG_WARN_OBJC_LITERAL_CONVERSION = YES;
				CLANG_WARN_OBJC_ROOT_CLASS = YES_ERROR;
				CLANG_WARN_RANGE_LOOP_ANALYSIS = YES;
				CLANG_WARN_STRICT_PROTOTYPES = YES;
				CLANG_WARN_SUSPICIOUS_MOVE = YES;
				CLANG_WARN_UNGUARDED_AVAILABILITY = YES_AGGRESSIVE;
				CLANG_WARN_UNREACHABLE_CODE = YES;
				CLANG_WARN__DUPLICATE_METHOD_MATCH = YES;
				CODE_SIGN_IDENTITY = "iPhone Developer";
				COPY_PHASE_STRIP = NO;
				DEBUG_INFORMATION_FORMAT = dwarf;
				ENABLE_STRICT_OBJC_MSGSEND = YES;
				ENABLE_TESTABILITY = YES;
				GCC_C_LANGUAGE_STANDARD = gnu11;
				GCC_DYNAMIC_NO_PIC = NO;
				GCC_NO_COMMON_BLOCKS = YES;
				GCC_OPTIMIZATION_LEVEL = 0;
				GCC_PREPROCESSOR_DEFINITIONS = (
					"DEBUG=1",
					"$(inherited)",
				);
				GCC_WARN_64_TO_32_BIT_CONVERSION = YES;
				GCC_WARN_ABOUT_RETURN_TYPE = YES_ERROR;
				GCC_WARN_UNDECLARED_SELECTOR = YES;
				GCC_WARN_UNINITIALIZED_AUTOS = YES_AGGRESSIVE;
				GCC_WARN_UNUSED_FUNCTION = YES;
				GCC_WARN_UNUSED_VARIABLE = YES;
				IPHONEOS_DEPLOYMENT_TARGET = 10.0;
				MTL_ENABLE_DEBUG_INFO = INCLUDE_SOURCE;
				MTL_FAST_MATH = YES;
				ONLY_ACTIVE_ARCH = YES;
				SDKROOT = iphoneos;
				SWIFT_ACTIVE_COMPILATION_CONDITIONS = DEBUG;
				SWIFT_OPTIMIZATION_LEVEL = "-Onone";
			};
			name = Debug;
		};
		3B1781CF221C6FD6007541F3 /* Release */ = {
			isa = XCBuildConfiguration;
			buildSettings = {
				ALWAYS_SEARCH_USER_PATHS = NO;
				CLANG_ANALYZER_NONNULL = YES;
				CLANG_ANALYZER_NUMBER_OBJECT_CONVERSION = YES_AGGRESSIVE;
				CLANG_CXX_LANGUAGE_STANDARD = "gnu++14";
				CLANG_CXX_LIBRARY = "libc++";
				CLANG_ENABLE_MODULES = YES;
				CLANG_ENABLE_OBJC_ARC = YES;
				CLANG_ENABLE_OBJC_WEAK = YES;
				CLANG_WARN_BLOCK_CAPTURE_AUTORELEASING = YES;
				CLANG_WARN_BOOL_CONVERSION = YES;
				CLANG_WARN_COMMA = YES;
				CLANG_WARN_CONSTANT_CONVERSION = YES;
				CLANG_WARN_DEPRECATED_OBJC_IMPLEMENTATIONS = YES;
				CLANG_WARN_DIRECT_OBJC_ISA_USAGE = YES_ERROR;
				CLANG_WARN_DOCUMENTATION_COMMENTS = YES;
				CLANG_WARN_EMPTY_BODY = YES;
				CLANG_WARN_ENUM_CONVERSION = YES;
				CLANG_WARN_INFINITE_RECURSION = YES;
				CLANG_WARN_INT_CONVERSION = YES;
				CLANG_WARN_NON_LITERAL_NULL_CONVERSION = YES;
				CLANG_WARN_OBJC_IMPLICIT_RETAIN_SELF = YES;
				CLANG_WARN_OBJC_LITERAL_CONVERSION = YES;
				CLANG_WARN_OBJC_ROOT_CLASS = YES_ERROR;
				CLANG_WARN_RANGE_LOOP_ANALYSIS = YES;
				CLANG_WARN_STRICT_PROTOTYPES = YES;
				CLANG_WARN_SUSPICIOUS_MOVE = YES;
				CLANG_WARN_UNGUARDED_AVAILABILITY = YES_AGGRESSIVE;
				CLANG_WARN_UNREACHABLE_CODE = YES;
				CLANG_WARN__DUPLICATE_METHOD_MATCH = YES;
				CODE_SIGN_IDENTITY = "iPhone Developer";
				COPY_PHASE_STRIP = NO;
				DEBUG_INFORMATION_FORMAT = "dwarf-with-dsym";
				ENABLE_NS_ASSERTIONS = NO;
				ENABLE_STRICT_OBJC_MSGSEND = YES;
				GCC_C_LANGUAGE_STANDARD = gnu11;
				GCC_NO_COMMON_BLOCKS = YES;
				GCC_WARN_64_TO_32_BIT_CONVERSION = YES;
				GCC_WARN_ABOUT_RETURN_TYPE = YES_ERROR;
				GCC_WARN_UNDECLARED_SELECTOR = YES;
				GCC_WARN_UNINITIALIZED_AUTOS = YES_AGGRESSIVE;
				GCC_WARN_UNUSED_FUNCTION = YES;
				GCC_WARN_UNUSED_VARIABLE = YES;
				IPHONEOS_DEPLOYMENT_TARGET = 10.0;
				MTL_ENABLE_DEBUG_INFO = NO;
				MTL_FAST_MATH = YES;
				SDKROOT = iphoneos;
				SWIFT_COMPILATION_MODE = wholemodule;
				SWIFT_OPTIMIZATION_LEVEL = "-O";
				VALIDATE_PRODUCT = YES;
			};
			name = Release;
		};
		3B1781D1221C6FD6007541F3 /* Debug */ = {
			isa = XCBuildConfiguration;
			baseConfigurationReference = 6000766EF50D44DE57A582EB /* Pods-LoginDemo.debug.xcconfig */;
			buildSettings = {
				ASSETCATALOG_COMPILER_APPICON_NAME = AppIcon;
				CODE_SIGN_STYLE = Automatic;
				INFOPLIST_FILE = LoginDemo/Info.plist;
				LD_RUNPATH_SEARCH_PATHS = (
					"$(inherited)",
					"@executable_path/Frameworks",
				);
				PRODUCT_BUNDLE_IDENTIFIER = com.test.LoginDemo;
				PRODUCT_NAME = "$(TARGET_NAME)";
				SWIFT_VERSION = 4.2;
				TARGETED_DEVICE_FAMILY = 1;
			};
			name = Debug;
		};
		3B1781D2221C6FD6007541F3 /* Release */ = {
			isa = XCBuildConfiguration;
			baseConfigurationReference = EC7CBEB5C819C6E1BE7DB81A /* Pods-LoginDemo.release.xcconfig */;
			buildSettings = {
				ASSETCATALOG_COMPILER_APPICON_NAME = AppIcon;
				CODE_SIGN_STYLE = Automatic;
				INFOPLIST_FILE = LoginDemo/Info.plist;
				LD_RUNPATH_SEARCH_PATHS = (
					"$(inherited)",
					"@executable_path/Frameworks",
				);
				PRODUCT_BUNDLE_IDENTIFIER = com.test.LoginDemo;
				PRODUCT_NAME = "$(TARGET_NAME)";
				SWIFT_VERSION = 4.2;
				TARGETED_DEVICE_FAMILY = 1;
			};
			name = Release;
		};
/* End XCBuildConfiguration section */

/* Begin XCConfigurationList section */
		3B1781B9221C6FD4007541F3 /* Build configuration list for PBXProject "LoginDemo" */ = {
			isa = XCConfigurationList;
			buildConfigurations = (
				3B1781CE221C6FD6007541F3 /* Debug */,
				3B1781CF221C6FD6007541F3 /* Release */,
			);
			defaultConfigurationIsVisible = 0;
			defaultConfigurationName = Release;
		};
		3B1781D0221C6FD6007541F3 /* Build configuration list for PBXNativeTarget "LoginDemo" */ = {
			isa = XCConfigurationList;
			buildConfigurations = (
				3B1781D1221C6FD6007541F3 /* Debug */,
				3B1781D2221C6FD6007541F3 /* Release */,
			);
			defaultConfigurationIsVisible = 0;
			defaultConfigurationName = Release;
		};
/* End XCConfigurationList section */
	};
	rootObject = 3B1781B6221C6FD4007541F3 /* Project object */;
}
